
Microsoft Visual Studio Solution File, Format Version 12.00
# Visual Studio Version 17
VisualStudioVersion = 17.4.33205.214
MinimumVisualStudioVersion = 10.0.40219.1
Project("{FAE04EC0-301F-11D3-BF4B-00C04F79EFBC}") = "EmployeeApp.Domain", "EmployeeApp.Domain\EmployeeApp.Domain.csproj", "{6B18E726-3E0C-4ED4-B7B0-CC45F6513101}"
EndProject
Project("{FAE04EC0-301F-11D3-BF4B-00C04F79EFBC}") = "EmployeeApp.Api", "EmployeeApp.Api\EmployeeApp.Api.csproj", "{8AA09E19-3ED2-4403-BAB2-AC75BEAE6FD6}"
EndProject
Project("{FAE04EC0-301F-11D3-BF4B-00C04F79EFBC}") = "EmployeeApp.Infrastructure", "EmployeeApp.Infrastructure\EmployeeApp.Infrastructure.csproj", "{BF1F62E5-EEEB-41C1-9E27-81092805067A}"
EndProject
Global
	GlobalSection(SolutionConfigurationPlatforms) = preSolution
		Debug|Any CPU = Debug|Any CPU
		Release|Any CPU = Release|Any CPU
	EndGlobalSection
	GlobalSection(ProjectConfigurationPlatforms) = postSolution
		{6B18E726-3E0C-4ED4-B7B0-CC45F6513101}.Debug|Any CPU.ActiveCfg = Debug|Any CPU
		{6B18E726-3E0C-4ED4-B7B0-CC45F6513101}.Debug|Any CPU.Build.0 = Debug|Any CPU
		{6B18E726-3E0C-4ED4-B7B0-CC45F6513101}.Release|Any CPU.ActiveCfg = Release|Any CPU
		{6B18E726-3E0C-4ED4-B7B0-CC45F6513101}.Release|Any CPU.Build.0 = Release|Any CPU
		{8AA09E19-3ED2-4403-BAB2-AC75BEAE6FD6}.Debug|Any CPU.ActiveCfg = Debug|Any CPU
		{8AA09E19-3ED2-4403-BAB2-AC75BEAE6FD6}.Debug|Any CPU.Build.0 = Debug|Any CPU
		{8AA09E19-3ED2-4403-BAB2-AC75BEAE6FD6}.Release|Any CPU.ActiveCfg = Release|Any CPU
		{8AA09E19-3ED2-4403-BAB2-AC75BEAE6FD6}.Release|Any CPU.Build.0 = Release|Any CPU
		{BF1F62E5-EEEB-41C1-9E27-81092805067A}.Debug|Any CPU.ActiveCfg = Debug|Any CPU
		{BF1F62E5-EEEB-41C1-9E27-81092805067A}.Debug|Any CPU.Build.0 = Debug|Any CPU
		{BF1F62E5-EEEB-41C1-9E27-81092805067A}.Release|Any CPU.ActiveCfg = Release|Any CPU
		{BF1F62E5-EEEB-41C1-9E27-81092805067A}.Release|Any CPU.Build.0 = Release|Any CPU
	EndGlobalSection
	GlobalSection(SolutionProperties) = preSolution
		HideSolutionNode = FALSE
	EndGlobalSection
	GlobalSection(ExtensibilityGlobals) = postSolution
		SolutionGuid = {DAAFA46C-568A-4AFB-86CF-E909F5756CE7}
	EndGlobalSection
EndGlobal
